
Microsoft Visual Studio Solution File, Format Version 12.00
# Visual Studio 2015
Project("{FAE04EC0-301F-11D3-BF4B-00C04F79EFBC}") = "Escargo", "Escargo.csproj", "{272C59D9-A7D8-BAE9-505C-39259936A062}"
EndProject
Project("{FAE04EC0-301F-11D3-BF4B-00C04F79EFBC}") = "Escargo.Editor", "Escargo.Editor.csproj", "{5C22DB37-DB02-50C3-0335-69E13A3CF623}"
EndProject
Global
	GlobalSection(SolutionConfigurationPlatforms) = preSolution
		Debug|Any CPU = Debug|Any CPU
		Release|Any CPU = Release|Any CPU
	EndGlobalSection
	GlobalSection(ProjectConfigurationPlatforms) = postSolution
		{272C59D9-A7D8-BAE9-505C-39259936A062}.Debug|Any CPU.ActiveCfg = Debug|Any CPU
		{272C59D9-A7D8-BAE9-505C-39259936A062}.Debug|Any CPU.Build.0 = Debug|Any CPU
		{272C59D9-A7D8-BAE9-505C-39259936A062}.Release|Any CPU.ActiveCfg = Release|Any CPU
		{272C59D9-A7D8-BAE9-505C-39259936A062}.Release|Any CPU.Build.0 = Release|Any CPU
		{5C22DB37-DB02-50C3-0335-69E13A3CF623}.Debug|Any CPU.ActiveCfg = Debug|Any CPU
		{5C22DB37-DB02-50C3-0335-69E13A3CF623}.Debug|Any CPU.Build.0 = Debug|Any CPU
		{5C22DB37-DB02-50C3-0335-69E13A3CF623}.Release|Any CPU.ActiveCfg = Release|Any CPU
		{5C22DB37-DB02-50C3-0335-69E13A3CF623}.Release|Any CPU.Build.0 = Release|Any CPU
	EndGlobalSection
	GlobalSection(SolutionProperties) = preSolution
		HideSolutionNode = FALSE
	EndGlobalSection
EndGlobal
