Microsoft Visual Studio Solution File, Format Version 11.00
# Visual Studio 2008

Project("{D70E4E34-4D8B-D6C0-73E0-F486DE20D5E4}") = "Escargo", "Assembly-CSharp.csproj", "{FBEFBAD8-76E8-706E-26C0-D17F71A4316E}"
EndProject
Project("{D70E4E34-4D8B-D6C0-73E0-F486DE20D5E4}") = "Escargo", "Assembly-CSharp-Editor.csproj", "{F15B2011-55EC-6483-2628-8534FBB04858}"
EndProject
Global
	GlobalSection(SolutionConfigurationPlatforms) = preSolution
		Debug|Any CPU = Debug|Any CPU
		Release|Any CPU = Release|Any CPU
	EndGlobalSection
	GlobalSection(ProjectConfigurationPlatforms) = postSolution
		{FBEFBAD8-76E8-706E-26C0-D17F71A4316E}.Debug|Any CPU.ActiveCfg = Debug|Any CPU
		{FBEFBAD8-76E8-706E-26C0-D17F71A4316E}.Debug|Any CPU.Build.0 = Debug|Any CPU
		{FBEFBAD8-76E8-706E-26C0-D17F71A4316E}.Release|Any CPU.ActiveCfg = Release|Any CPU
		{FBEFBAD8-76E8-706E-26C0-D17F71A4316E}.Release|Any CPU.Build.0 = Release|Any CPU
		{F15B2011-55EC-6483-2628-8534FBB04858}.Debug|Any CPU.ActiveCfg = Debug|Any CPU
		{F15B2011-55EC-6483-2628-8534FBB04858}.Debug|Any CPU.Build.0 = Debug|Any CPU
		{F15B2011-55EC-6483-2628-8534FBB04858}.Release|Any CPU.ActiveCfg = Release|Any CPU
		{F15B2011-55EC-6483-2628-8534FBB04858}.Release|Any CPU.Build.0 = Release|Any CPU
	EndGlobalSection
	GlobalSection(SolutionProperties) = preSolution
		HideSolutionNode = FALSE
	EndGlobalSection
	GlobalSection(MonoDevelopProperties) = preSolution
		StartupItem = Assembly-CSharp.csproj
	EndGlobalSection
EndGlobal
